
Microsoft Visual Studio Solution File, Format Version 12.00
# Visual Studio Version 16
VisualStudioVersion = 16.0.30503.244
MinimumVisualStudioVersion = 10.0.40219.1
Project("{F184B08F-C81C-45F6-A57F-5ABD9991F28F}") = "AccumulateMessages", "AccumulateMessages.vbproj", "{BABE78AF-EBF8-4A79-9E52-311BA2D25D84}"
EndProject
Global
	GlobalSection(SolutionConfigurationPlatforms) = preSolution
		Debug|Any CPU = Debug|Any CPU
		Release|Any CPU = Release|Any CPU
	EndGlobalSection
	GlobalSection(ProjectConfigurationPlatforms) = postSolution
		{BABE78AF-EBF8-4A79-9E52-311BA2D25D84}.Debug|Any CPU.ActiveCfg = Debug|Any CPU
		{BABE78AF-EBF8-4A79-9E52-311BA2D25D84}.Debug|Any CPU.Build.0 = Debug|Any CPU
		{BABE78AF-EBF8-4A79-9E52-311BA2D25D84}.Release|Any CPU.ActiveCfg = Release|Any CPU
		{BABE78AF-EBF8-4A79-9E52-311BA2D25D84}.Release|Any CPU.Build.0 = Release|Any CPU
	EndGlobalSection
	GlobalSection(SolutionProperties) = preSolution
		HideSolutionNode = FALSE
	EndGlobalSection
	GlobalSection(ExtensibilityGlobals) = postSolution
		SolutionGuid = {AAE150E1-04B6-46D3-B0F7-7532C995EBDA}
	EndGlobalSection
EndGlobal
